
Microsoft Visual Studio Solution File, Format Version 12.00
# Visual Studio Version 17
VisualStudioVersion = 17.11.35312.102
MinimumVisualStudioVersion = 10.0.40219.1
Project("{FAE04EC0-301F-11D3-BF4B-00C04F79EFBC}") = "task1", "task1\task1.csproj", "{FB4B8674-D05D-48F7-BFDE-1161D4C2418E}"
EndProject
Project("{FAE04EC0-301F-11D3-BF4B-00C04F79EFBC}") = "task2", "task2\task2.csproj", "{2FBF5325-CFB9-408A-B6D0-D2031D759B9A}"
EndProject
Global
	GlobalSection(SolutionConfigurationPlatforms) = preSolution
		Debug|Any CPU = Debug|Any CPU
		Release|Any CPU = Release|Any CPU
	EndGlobalSection
	GlobalSection(ProjectConfigurationPlatforms) = postSolution
		{FB4B8674-D05D-48F7-BFDE-1161D4C2418E}.Debug|Any CPU.ActiveCfg = Debug|Any CPU
		{FB4B8674-D05D-48F7-BFDE-1161D4C2418E}.Debug|Any CPU.Build.0 = Debug|Any CPU
		{FB4B8674-D05D-48F7-BFDE-1161D4C2418E}.Release|Any CPU.ActiveCfg = Release|Any CPU
		{FB4B8674-D05D-48F7-BFDE-1161D4C2418E}.Release|Any CPU.Build.0 = Release|Any CPU
		{2FBF5325-CFB9-408A-B6D0-D2031D759B9A}.Debug|Any CPU.ActiveCfg = Debug|Any CPU
		{2FBF5325-CFB9-408A-B6D0-D2031D759B9A}.Debug|Any CPU.Build.0 = Debug|Any CPU
		{2FBF5325-CFB9-408A-B6D0-D2031D759B9A}.Release|Any CPU.ActiveCfg = Release|Any CPU
		{2FBF5325-CFB9-408A-B6D0-D2031D759B9A}.Release|Any CPU.Build.0 = Release|Any CPU
	EndGlobalSection
	GlobalSection(SolutionProperties) = preSolution
		HideSolutionNode = FALSE
	EndGlobalSection
	GlobalSection(ExtensibilityGlobals) = postSolution
		SolutionGuid = {FE0A89DE-DC70-4E09-9CA7-3CA7BD63681A}
	EndGlobalSection
EndGlobal
