
Microsoft Visual Studio Solution File, Format Version 12.00
# Visual Studio Version 17
VisualStudioVersion = 17.11.35312.102
MinimumVisualStudioVersion = 10.0.40219.1
Project("{9A19103F-16F7-4668-BE54-9A1E7A4F7556}") = "task1", "task1\task1.csproj", "{0F58DB42-E81B-400B-887E-DA38CE31D4E3}"
EndProject
Project("{9A19103F-16F7-4668-BE54-9A1E7A4F7556}") = "task2", "task2\task2.csproj", "{0ADD78BB-A016-463C-9E27-8F85A97D0914}"
EndProject
Project("{FAE04EC0-301F-11D3-BF4B-00C04F79EFBC}") = "task3", "task3\task3.csproj", "{C50417E1-4736-4731-AE6A-66E2D34849E2}"
EndProject
Global
	GlobalSection(SolutionConfigurationPlatforms) = preSolution
		Debug|Any CPU = Debug|Any CPU
		Release|Any CPU = Release|Any CPU
	EndGlobalSection
	GlobalSection(ProjectConfigurationPlatforms) = postSolution
		{0F58DB42-E81B-400B-887E-DA38CE31D4E3}.Debug|Any CPU.ActiveCfg = Debug|Any CPU
		{0F58DB42-E81B-400B-887E-DA38CE31D4E3}.Debug|Any CPU.Build.0 = Debug|Any CPU
		{0F58DB42-E81B-400B-887E-DA38CE31D4E3}.Release|Any CPU.ActiveCfg = Release|Any CPU
		{0F58DB42-E81B-400B-887E-DA38CE31D4E3}.Release|Any CPU.Build.0 = Release|Any CPU
		{0ADD78BB-A016-463C-9E27-8F85A97D0914}.Debug|Any CPU.ActiveCfg = Debug|Any CPU
		{0ADD78BB-A016-463C-9E27-8F85A97D0914}.Debug|Any CPU.Build.0 = Debug|Any CPU
		{0ADD78BB-A016-463C-9E27-8F85A97D0914}.Release|Any CPU.ActiveCfg = Release|Any CPU
		{0ADD78BB-A016-463C-9E27-8F85A97D0914}.Release|Any CPU.Build.0 = Release|Any CPU
		{C50417E1-4736-4731-AE6A-66E2D34849E2}.Debug|Any CPU.ActiveCfg = Debug|Any CPU
		{C50417E1-4736-4731-AE6A-66E2D34849E2}.Debug|Any CPU.Build.0 = Debug|Any CPU
		{C50417E1-4736-4731-AE6A-66E2D34849E2}.Release|Any CPU.ActiveCfg = Release|Any CPU
		{C50417E1-4736-4731-AE6A-66E2D34849E2}.Release|Any CPU.Build.0 = Release|Any CPU
	EndGlobalSection
	GlobalSection(SolutionProperties) = preSolution
		HideSolutionNode = FALSE
	EndGlobalSection
	GlobalSection(ExtensibilityGlobals) = postSolution
		SolutionGuid = {CF68BDC4-43D9-41FF-A30E-09EC3B4E4644}
	EndGlobalSection
EndGlobal
