
Microsoft Visual Studio Solution File, Format Version 12.00
# Visual Studio Version 17
VisualStudioVersion = 17.11.35312.102
MinimumVisualStudioVersion = 10.0.40219.1
Project("{FAE04EC0-301F-11D3-BF4B-00C04F79EFBC}") = "PhoneLibrary", "PhoneLibrary\PhoneLibrary.csproj", "{F2347574-CA45-448F-99CB-794EB95EEEA3}"
EndProject
Global
	GlobalSection(SolutionConfigurationPlatforms) = preSolution
		Debug|Any CPU = Debug|Any CPU
		Release|Any CPU = Release|Any CPU
	EndGlobalSection
	GlobalSection(ProjectConfigurationPlatforms) = postSolution
		{F2347574-CA45-448F-99CB-794EB95EEEA3}.Debug|Any CPU.ActiveCfg = Debug|Any CPU
		{F2347574-CA45-448F-99CB-794EB95EEEA3}.Debug|Any CPU.Build.0 = Debug|Any CPU
		{F2347574-CA45-448F-99CB-794EB95EEEA3}.Release|Any CPU.ActiveCfg = Release|Any CPU
		{F2347574-CA45-448F-99CB-794EB95EEEA3}.Release|Any CPU.Build.0 = Release|Any CPU
	EndGlobalSection
	GlobalSection(SolutionProperties) = preSolution
		HideSolutionNode = FALSE
	EndGlobalSection
	GlobalSection(ExtensibilityGlobals) = postSolution
		SolutionGuid = {ECC3FC37-FF58-40D1-95A2-886DFD595CB8}
	EndGlobalSection
EndGlobal
