
Microsoft Visual Studio Solution File, Format Version 12.00
# Visual Studio Version 17
VisualStudioVersion = 17.11.35312.102
MinimumVisualStudioVersion = 10.0.40219.1
Project("{FAE04EC0-301F-11D3-BF4B-00C04F79EFBC}") = "task1", "task1\task1.csproj", "{0C189F9A-AFA6-473D-B79D-22A1589EDAFF}"
EndProject
Project("{FAE04EC0-301F-11D3-BF4B-00C04F79EFBC}") = "task2", "task2\task2.csproj", "{3AD9A46B-9AA5-47B9-9D5A-9A4F59866803}"
EndProject
Project("{FAE04EC0-301F-11D3-BF4B-00C04F79EFBC}") = "task3", "task3\task3.csproj", "{12E82EBB-2033-425F-9329-72F9011F8B27}"
EndProject
Project("{FAE04EC0-301F-11D3-BF4B-00C04F79EFBC}") = "task4", "task4\task4.csproj", "{B72F9E77-AE08-4F5A-A0B1-A600627C99C0}"
EndProject
Global
	GlobalSection(SolutionConfigurationPlatforms) = preSolution
		Debug|Any CPU = Debug|Any CPU
		Release|Any CPU = Release|Any CPU
	EndGlobalSection
	GlobalSection(ProjectConfigurationPlatforms) = postSolution
		{0C189F9A-AFA6-473D-B79D-22A1589EDAFF}.Debug|Any CPU.ActiveCfg = Debug|Any CPU
		{0C189F9A-AFA6-473D-B79D-22A1589EDAFF}.Debug|Any CPU.Build.0 = Debug|Any CPU
		{0C189F9A-AFA6-473D-B79D-22A1589EDAFF}.Release|Any CPU.ActiveCfg = Release|Any CPU
		{0C189F9A-AFA6-473D-B79D-22A1589EDAFF}.Release|Any CPU.Build.0 = Release|Any CPU
		{3AD9A46B-9AA5-47B9-9D5A-9A4F59866803}.Debug|Any CPU.ActiveCfg = Debug|Any CPU
		{3AD9A46B-9AA5-47B9-9D5A-9A4F59866803}.Debug|Any CPU.Build.0 = Debug|Any CPU
		{3AD9A46B-9AA5-47B9-9D5A-9A4F59866803}.Release|Any CPU.ActiveCfg = Release|Any CPU
		{3AD9A46B-9AA5-47B9-9D5A-9A4F59866803}.Release|Any CPU.Build.0 = Release|Any CPU
		{12E82EBB-2033-425F-9329-72F9011F8B27}.Debug|Any CPU.ActiveCfg = Debug|Any CPU
		{12E82EBB-2033-425F-9329-72F9011F8B27}.Debug|Any CPU.Build.0 = Debug|Any CPU
		{12E82EBB-2033-425F-9329-72F9011F8B27}.Release|Any CPU.ActiveCfg = Release|Any CPU
		{12E82EBB-2033-425F-9329-72F9011F8B27}.Release|Any CPU.Build.0 = Release|Any CPU
		{B72F9E77-AE08-4F5A-A0B1-A600627C99C0}.Debug|Any CPU.ActiveCfg = Debug|Any CPU
		{B72F9E77-AE08-4F5A-A0B1-A600627C99C0}.Debug|Any CPU.Build.0 = Debug|Any CPU
		{B72F9E77-AE08-4F5A-A0B1-A600627C99C0}.Release|Any CPU.ActiveCfg = Release|Any CPU
		{B72F9E77-AE08-4F5A-A0B1-A600627C99C0}.Release|Any CPU.Build.0 = Release|Any CPU
	EndGlobalSection
	GlobalSection(SolutionProperties) = preSolution
		HideSolutionNode = FALSE
	EndGlobalSection
	GlobalSection(ExtensibilityGlobals) = postSolution
		SolutionGuid = {9F7AC1FC-E95C-4124-BB9A-FF39B461FFF8}
	EndGlobalSection
EndGlobal
