
Microsoft Visual Studio Solution File, Format Version 12.00
# Visual Studio Version 17
VisualStudioVersion = 17.9.34728.123
MinimumVisualStudioVersion = 10.0.40219.1
Project("{FAE04EC0-301F-11D3-BF4B-00C04F79EFBC}") = "Task", "Task\Task.csproj", "{560EE33E-D4AA-4E2E-871C-5BFE3651B280}"
EndProject
Global
	GlobalSection(SolutionConfigurationPlatforms) = preSolution
		Debug|Any CPU = Debug|Any CPU
		Release|Any CPU = Release|Any CPU
	EndGlobalSection
	GlobalSection(ProjectConfigurationPlatforms) = postSolution
		{560EE33E-D4AA-4E2E-871C-5BFE3651B280}.Debug|Any CPU.ActiveCfg = Debug|Any CPU
		{560EE33E-D4AA-4E2E-871C-5BFE3651B280}.Debug|Any CPU.Build.0 = Debug|Any CPU
		{560EE33E-D4AA-4E2E-871C-5BFE3651B280}.Release|Any CPU.ActiveCfg = Release|Any CPU
		{560EE33E-D4AA-4E2E-871C-5BFE3651B280}.Release|Any CPU.Build.0 = Release|Any CPU
	EndGlobalSection
	GlobalSection(SolutionProperties) = preSolution
		HideSolutionNode = FALSE
	EndGlobalSection
	GlobalSection(ExtensibilityGlobals) = postSolution
		SolutionGuid = {6549D4F3-1DD2-4221-9BC6-510129B0B018}
	EndGlobalSection
EndGlobal
