
Microsoft Visual Studio Solution File, Format Version 12.00
# Visual Studio Version 17
VisualStudioVersion = 17.11.35312.102
MinimumVisualStudioVersion = 10.0.40219.1
Project("{FAE04EC0-301F-11D3-BF4B-00C04F79EFBC}") = "task1", "task1\task1.csproj", "{65743204-282B-481D-BE75-9A15A1400E1D}"
EndProject
Project("{FAE04EC0-301F-11D3-BF4B-00C04F79EFBC}") = "task2", "task2\task2.csproj", "{46E3E18F-68F6-493B-9087-FFFE7E4944C7}"
EndProject
Project("{FAE04EC0-301F-11D3-BF4B-00C04F79EFBC}") = "task3", "task3\task3.csproj", "{79BC047E-F261-44CD-8524-6BD778C8BAC8}"
EndProject
Project("{FAE04EC0-301F-11D3-BF4B-00C04F79EFBC}") = "task4", "task4\task4.csproj", "{D270B4DB-9A97-424E-B209-90B00C50C9A8}"
EndProject
Project("{FAE04EC0-301F-11D3-BF4B-00C04F79EFBC}") = "task5", "task5\task5.csproj", "{510B69D3-79BB-4D24-8C48-4B7420EEE3AC}"
EndProject
Project("{FAE04EC0-301F-11D3-BF4B-00C04F79EFBC}") = "task6", "task6\task6.csproj", "{BF04110B-B644-4E0C-A7FC-381A7DF4F996}"
EndProject
Project("{FAE04EC0-301F-11D3-BF4B-00C04F79EFBC}") = "task7", "task7\task7.csproj", "{74A94669-3610-4CEB-A71C-8F1D987749E7}"
EndProject
Project("{FAE04EC0-301F-11D3-BF4B-00C04F79EFBC}") = "task8", "task8\task8.csproj", "{13EFA86D-30CA-4E07-AB6F-FEC341A5EAF3}"
EndProject
Project("{FAE04EC0-301F-11D3-BF4B-00C04F79EFBC}") = "task9", "task9\task9.csproj", "{277F3039-A3B6-44CD-816D-B45E53C2BC02}"
EndProject
Project("{FAE04EC0-301F-11D3-BF4B-00C04F79EFBC}") = "task10", "task10\task10.csproj", "{40E7E1C4-E146-4C4E-BD01-2589A848521C}"
EndProject
Project("{FAE04EC0-301F-11D3-BF4B-00C04F79EFBC}") = "task11", "task11\task11.csproj", "{FB589674-9346-43D7-AFB0-529EE21289BE}"
EndProject
Project("{FAE04EC0-301F-11D3-BF4B-00C04F79EFBC}") = "task12", "task12\task12.csproj", "{66150E64-EBA5-4D5E-ADC3-9E61C0F8A9AF}"
EndProject
Project("{FAE04EC0-301F-11D3-BF4B-00C04F79EFBC}") = "task13", "task13\task13.csproj", "{D9BF012E-816C-4E06-BFD3-B0ACD94F2499}"
EndProject
Project("{FAE04EC0-301F-11D3-BF4B-00C04F79EFBC}") = "task14", "task14\task14.csproj", "{2B0FAB5B-20E2-4544-A152-5549BF704F8A}"
EndProject
Project("{FAE04EC0-301F-11D3-BF4B-00C04F79EFBC}") = "task15", "task15\task15.csproj", "{6A041789-1CDB-4FE0-A29A-D50E336729C6}"
EndProject
Project("{FAE04EC0-301F-11D3-BF4B-00C04F79EFBC}") = "task16", "task16\task16.csproj", "{E9CE5133-5209-47DB-8E7C-02DA1DB87C65}"
EndProject
Global
	GlobalSection(SolutionConfigurationPlatforms) = preSolution
		Debug|Any CPU = Debug|Any CPU
		Release|Any CPU = Release|Any CPU
	EndGlobalSection
	GlobalSection(ProjectConfigurationPlatforms) = postSolution
		{65743204-282B-481D-BE75-9A15A1400E1D}.Debug|Any CPU.ActiveCfg = Debug|Any CPU
		{65743204-282B-481D-BE75-9A15A1400E1D}.Debug|Any CPU.Build.0 = Debug|Any CPU
		{65743204-282B-481D-BE75-9A15A1400E1D}.Release|Any CPU.ActiveCfg = Release|Any CPU
		{65743204-282B-481D-BE75-9A15A1400E1D}.Release|Any CPU.Build.0 = Release|Any CPU
		{46E3E18F-68F6-493B-9087-FFFE7E4944C7}.Debug|Any CPU.ActiveCfg = Debug|Any CPU
		{46E3E18F-68F6-493B-9087-FFFE7E4944C7}.Debug|Any CPU.Build.0 = Debug|Any CPU
		{46E3E18F-68F6-493B-9087-FFFE7E4944C7}.Release|Any CPU.ActiveCfg = Release|Any CPU
		{46E3E18F-68F6-493B-9087-FFFE7E4944C7}.Release|Any CPU.Build.0 = Release|Any CPU
		{79BC047E-F261-44CD-8524-6BD778C8BAC8}.Debug|Any CPU.ActiveCfg = Debug|Any CPU
		{79BC047E-F261-44CD-8524-6BD778C8BAC8}.Debug|Any CPU.Build.0 = Debug|Any CPU
		{79BC047E-F261-44CD-8524-6BD778C8BAC8}.Release|Any CPU.ActiveCfg = Release|Any CPU
		{79BC047E-F261-44CD-8524-6BD778C8BAC8}.Release|Any CPU.Build.0 = Release|Any CPU
		{D270B4DB-9A97-424E-B209-90B00C50C9A8}.Debug|Any CPU.ActiveCfg = Debug|Any CPU
		{D270B4DB-9A97-424E-B209-90B00C50C9A8}.Debug|Any CPU.Build.0 = Debug|Any CPU
		{D270B4DB-9A97-424E-B209-90B00C50C9A8}.Release|Any CPU.ActiveCfg = Release|Any CPU
		{D270B4DB-9A97-424E-B209-90B00C50C9A8}.Release|Any CPU.Build.0 = Release|Any CPU
		{510B69D3-79BB-4D24-8C48-4B7420EEE3AC}.Debug|Any CPU.ActiveCfg = Debug|Any CPU
		{510B69D3-79BB-4D24-8C48-4B7420EEE3AC}.Debug|Any CPU.Build.0 = Debug|Any CPU
		{510B69D3-79BB-4D24-8C48-4B7420EEE3AC}.Release|Any CPU.ActiveCfg = Release|Any CPU
		{510B69D3-79BB-4D24-8C48-4B7420EEE3AC}.Release|Any CPU.Build.0 = Release|Any CPU
		{BF04110B-B644-4E0C-A7FC-381A7DF4F996}.Debug|Any CPU.ActiveCfg = Debug|Any CPU
		{BF04110B-B644-4E0C-A7FC-381A7DF4F996}.Debug|Any CPU.Build.0 = Debug|Any CPU
		{BF04110B-B644-4E0C-A7FC-381A7DF4F996}.Release|Any CPU.ActiveCfg = Release|Any CPU
		{BF04110B-B644-4E0C-A7FC-381A7DF4F996}.Release|Any CPU.Build.0 = Release|Any CPU
		{74A94669-3610-4CEB-A71C-8F1D987749E7}.Debug|Any CPU.ActiveCfg = Debug|Any CPU
		{74A94669-3610-4CEB-A71C-8F1D987749E7}.Debug|Any CPU.Build.0 = Debug|Any CPU
		{74A94669-3610-4CEB-A71C-8F1D987749E7}.Release|Any CPU.ActiveCfg = Release|Any CPU
		{74A94669-3610-4CEB-A71C-8F1D987749E7}.Release|Any CPU.Build.0 = Release|Any CPU
		{13EFA86D-30CA-4E07-AB6F-FEC341A5EAF3}.Debug|Any CPU.ActiveCfg = Debug|Any CPU
		{13EFA86D-30CA-4E07-AB6F-FEC341A5EAF3}.Debug|Any CPU.Build.0 = Debug|Any CPU
		{13EFA86D-30CA-4E07-AB6F-FEC341A5EAF3}.Release|Any CPU.ActiveCfg = Release|Any CPU
		{13EFA86D-30CA-4E07-AB6F-FEC341A5EAF3}.Release|Any CPU.Build.0 = Release|Any CPU
		{277F3039-A3B6-44CD-816D-B45E53C2BC02}.Debug|Any CPU.ActiveCfg = Debug|Any CPU
		{277F3039-A3B6-44CD-816D-B45E53C2BC02}.Debug|Any CPU.Build.0 = Debug|Any CPU
		{277F3039-A3B6-44CD-816D-B45E53C2BC02}.Release|Any CPU.ActiveCfg = Release|Any CPU
		{277F3039-A3B6-44CD-816D-B45E53C2BC02}.Release|Any CPU.Build.0 = Release|Any CPU
		{40E7E1C4-E146-4C4E-BD01-2589A848521C}.Debug|Any CPU.ActiveCfg = Debug|Any CPU
		{40E7E1C4-E146-4C4E-BD01-2589A848521C}.Debug|Any CPU.Build.0 = Debug|Any CPU
		{40E7E1C4-E146-4C4E-BD01-2589A848521C}.Release|Any CPU.ActiveCfg = Release|Any CPU
		{40E7E1C4-E146-4C4E-BD01-2589A848521C}.Release|Any CPU.Build.0 = Release|Any CPU
		{FB589674-9346-43D7-AFB0-529EE21289BE}.Debug|Any CPU.ActiveCfg = Debug|Any CPU
		{FB589674-9346-43D7-AFB0-529EE21289BE}.Debug|Any CPU.Build.0 = Debug|Any CPU
		{FB589674-9346-43D7-AFB0-529EE21289BE}.Release|Any CPU.ActiveCfg = Release|Any CPU
		{FB589674-9346-43D7-AFB0-529EE21289BE}.Release|Any CPU.Build.0 = Release|Any CPU
		{66150E64-EBA5-4D5E-ADC3-9E61C0F8A9AF}.Debug|Any CPU.ActiveCfg = Debug|Any CPU
		{66150E64-EBA5-4D5E-ADC3-9E61C0F8A9AF}.Debug|Any CPU.Build.0 = Debug|Any CPU
		{66150E64-EBA5-4D5E-ADC3-9E61C0F8A9AF}.Release|Any CPU.ActiveCfg = Release|Any CPU
		{66150E64-EBA5-4D5E-ADC3-9E61C0F8A9AF}.Release|Any CPU.Build.0 = Release|Any CPU
		{D9BF012E-816C-4E06-BFD3-B0ACD94F2499}.Debug|Any CPU.ActiveCfg = Debug|Any CPU
		{D9BF012E-816C-4E06-BFD3-B0ACD94F2499}.Debug|Any CPU.Build.0 = Debug|Any CPU
		{D9BF012E-816C-4E06-BFD3-B0ACD94F2499}.Release|Any CPU.ActiveCfg = Release|Any CPU
		{D9BF012E-816C-4E06-BFD3-B0ACD94F2499}.Release|Any CPU.Build.0 = Release|Any CPU
		{2B0FAB5B-20E2-4544-A152-5549BF704F8A}.Debug|Any CPU.ActiveCfg = Debug|Any CPU
		{2B0FAB5B-20E2-4544-A152-5549BF704F8A}.Debug|Any CPU.Build.0 = Debug|Any CPU
		{2B0FAB5B-20E2-4544-A152-5549BF704F8A}.Release|Any CPU.ActiveCfg = Release|Any CPU
		{2B0FAB5B-20E2-4544-A152-5549BF704F8A}.Release|Any CPU.Build.0 = Release|Any CPU
		{6A041789-1CDB-4FE0-A29A-D50E336729C6}.Debug|Any CPU.ActiveCfg = Debug|Any CPU
		{6A041789-1CDB-4FE0-A29A-D50E336729C6}.Debug|Any CPU.Build.0 = Debug|Any CPU
		{6A041789-1CDB-4FE0-A29A-D50E336729C6}.Release|Any CPU.ActiveCfg = Release|Any CPU
		{6A041789-1CDB-4FE0-A29A-D50E336729C6}.Release|Any CPU.Build.0 = Release|Any CPU
		{E9CE5133-5209-47DB-8E7C-02DA1DB87C65}.Debug|Any CPU.ActiveCfg = Debug|Any CPU
		{E9CE5133-5209-47DB-8E7C-02DA1DB87C65}.Debug|Any CPU.Build.0 = Debug|Any CPU
		{E9CE5133-5209-47DB-8E7C-02DA1DB87C65}.Release|Any CPU.ActiveCfg = Release|Any CPU
		{E9CE5133-5209-47DB-8E7C-02DA1DB87C65}.Release|Any CPU.Build.0 = Release|Any CPU
	EndGlobalSection
	GlobalSection(SolutionProperties) = preSolution
		HideSolutionNode = FALSE
	EndGlobalSection
	GlobalSection(ExtensibilityGlobals) = postSolution
		SolutionGuid = {3F21FD7B-36BA-46FA-BBAB-8A4BC123F00E}
	EndGlobalSection
EndGlobal
